
Microsoft Visual Studio Solution File, Format Version 12.00
# Visual Studio Version 17
VisualStudioVersion = 17.2.32516.85
MinimumVisualStudioVersion = 10.0.40219.1
Project("{FAE04EC0-301F-11D3-BF4B-00C04F79EFBC}") = "ClassLibrary1", "ClassLibrary1.csproj", "{EB16A111-3393-4990-9251-8EBA182CA6DA}"
EndProject
Global
	GlobalSection(SolutionConfigurationPlatforms) = preSolution
		Debug|Any CPU = Debug|Any CPU
		Release|Any CPU = Release|Any CPU
	EndGlobalSection
	GlobalSection(ProjectConfigurationPlatforms) = postSolution
		{EB16A111-3393-4990-9251-8EBA182CA6DA}.Debug|Any CPU.ActiveCfg = Debug|Any CPU
		{EB16A111-3393-4990-9251-8EBA182CA6DA}.Debug|Any CPU.Build.0 = Debug|Any CPU
		{EB16A111-3393-4990-9251-8EBA182CA6DA}.Release|Any CPU.ActiveCfg = Release|Any CPU
		{EB16A111-3393-4990-9251-8EBA182CA6DA}.Release|Any CPU.Build.0 = Release|Any CPU
	EndGlobalSection
	GlobalSection(SolutionProperties) = preSolution
		HideSolutionNode = FALSE
	EndGlobalSection
	GlobalSection(ExtensibilityGlobals) = postSolution
		SolutionGuid = {AACD1FB2-5458-4EDE-8C03-987EDF437CC0}
	EndGlobalSection
EndGlobal
