
Microsoft Visual Studio Solution File, Format Version 12.00
# Visual Studio Version 17
VisualStudioVersion = 17.2.32516.85
MinimumVisualStudioVersion = 10.0.40219.1
Project("{FAE04EC0-301F-11D3-BF4B-00C04F79EFBC}") = "Practise Events and Delegates", "Practise Events and Delegates.csproj", "{B4537384-2A4B-45E1-9D6A-8EF398BB15C2}"
EndProject
Global
	GlobalSection(SolutionConfigurationPlatforms) = preSolution
		Debug|Any CPU = Debug|Any CPU
		Release|Any CPU = Release|Any CPU
	EndGlobalSection
	GlobalSection(ProjectConfigurationPlatforms) = postSolution
		{B4537384-2A4B-45E1-9D6A-8EF398BB15C2}.Debug|Any CPU.ActiveCfg = Debug|Any CPU
		{B4537384-2A4B-45E1-9D6A-8EF398BB15C2}.Debug|Any CPU.Build.0 = Debug|Any CPU
		{B4537384-2A4B-45E1-9D6A-8EF398BB15C2}.Release|Any CPU.ActiveCfg = Release|Any CPU
		{B4537384-2A4B-45E1-9D6A-8EF398BB15C2}.Release|Any CPU.Build.0 = Release|Any CPU
	EndGlobalSection
	GlobalSection(SolutionProperties) = preSolution
		HideSolutionNode = FALSE
	EndGlobalSection
	GlobalSection(ExtensibilityGlobals) = postSolution
		SolutionGuid = {98339921-5AAE-4331-9696-A207F48C0541}
	EndGlobalSection
EndGlobal
