
Microsoft Visual Studio Solution File, Format Version 12.00
# Visual Studio Version 17
VisualStudioVersion = 17.2.32516.85
MinimumVisualStudioVersion = 10.0.40219.1
Project("{FAE04EC0-301F-11D3-BF4B-00C04F79EFBC}") = "Solid_Principles", "Solid_Principles.csproj", "{4770CFA4-C5C8-4919-B20B-F8D38960D2FA}"
EndProject
Global
	GlobalSection(SolutionConfigurationPlatforms) = preSolution
		Debug|Any CPU = Debug|Any CPU
		Release|Any CPU = Release|Any CPU
	EndGlobalSection
	GlobalSection(ProjectConfigurationPlatforms) = postSolution
		{4770CFA4-C5C8-4919-B20B-F8D38960D2FA}.Debug|Any CPU.ActiveCfg = Debug|Any CPU
		{4770CFA4-C5C8-4919-B20B-F8D38960D2FA}.Debug|Any CPU.Build.0 = Debug|Any CPU
		{4770CFA4-C5C8-4919-B20B-F8D38960D2FA}.Release|Any CPU.ActiveCfg = Release|Any CPU
		{4770CFA4-C5C8-4919-B20B-F8D38960D2FA}.Release|Any CPU.Build.0 = Release|Any CPU
	EndGlobalSection
	GlobalSection(SolutionProperties) = preSolution
		HideSolutionNode = FALSE
	EndGlobalSection
	GlobalSection(ExtensibilityGlobals) = postSolution
		SolutionGuid = {052EEA09-2C65-4FDD-9045-405625EF06D5}
	EndGlobalSection
EndGlobal
